
Microsoft Visual Studio Solution File, Format Version 12.00
# Visual Studio Version 16
VisualStudioVersion = 16.0.30621.155
MinimumVisualStudioVersion = 10.0.40219.1
Project("{8BC9CEB8-8B4A-11D0-8D11-00A0C91BC942}") = "home-assignment-04", "home-assignment-04\home-assignment-04.vcxproj", "{66FB5D4F-7372-4F32-B5F7-4BF1E8A526C2}"
EndProject
Global
	GlobalSection(SolutionConfigurationPlatforms) = preSolution
		Debug|x64 = Debug|x64
		Debug|x86 = Debug|x86
		Release|x64 = Release|x64
		Release|x86 = Release|x86
	EndGlobalSection
	GlobalSection(ProjectConfigurationPlatforms) = postSolution
		{66FB5D4F-7372-4F32-B5F7-4BF1E8A526C2}.Debug|x64.ActiveCfg = Debug|x64
		{66FB5D4F-7372-4F32-B5F7-4BF1E8A526C2}.Debug|x64.Build.0 = Debug|x64
		{66FB5D4F-7372-4F32-B5F7-4BF1E8A526C2}.Debug|x86.ActiveCfg = Debug|Win32
		{66FB5D4F-7372-4F32-B5F7-4BF1E8A526C2}.Debug|x86.Build.0 = Debug|Win32
		{66FB5D4F-7372-4F32-B5F7-4BF1E8A526C2}.Release|x64.ActiveCfg = Release|x64
		{66FB5D4F-7372-4F32-B5F7-4BF1E8A526C2}.Release|x64.Build.0 = Release|x64
		{66FB5D4F-7372-4F32-B5F7-4BF1E8A526C2}.Release|x86.ActiveCfg = Release|Win32
		{66FB5D4F-7372-4F32-B5F7-4BF1E8A526C2}.Release|x86.Build.0 = Release|Win32
	EndGlobalSection
	GlobalSection(SolutionProperties) = preSolution
		HideSolutionNode = FALSE
	EndGlobalSection
	GlobalSection(ExtensibilityGlobals) = postSolution
		SolutionGuid = {85C103BB-0F15-4EF7-9D82-DB8B91995E1D}
	EndGlobalSection
EndGlobal
